
Microsoft Visual Studio Solution File, Format Version 12.00
# Visual Studio Version 17
VisualStudioVersion = 17.2.32516.85
MinimumVisualStudioVersion = 10.0.40219.1
Project("{FAE04EC0-301F-11D3-BF4B-00C04F79EFBC}") = "ProjectPenjualan", "ProjectPenjualan\ProjectPenjualan.csproj", "{5C81276B-D048-4EA0-A231-1436A9F0C523}"
EndProject
Global
	GlobalSection(SolutionConfigurationPlatforms) = preSolution
		Debug|Any CPU = Debug|Any CPU
		Release|Any CPU = Release|Any CPU
	EndGlobalSection
	GlobalSection(ProjectConfigurationPlatforms) = postSolution
		{5C81276B-D048-4EA0-A231-1436A9F0C523}.Debug|Any CPU.ActiveCfg = Debug|Any CPU
		{5C81276B-D048-4EA0-A231-1436A9F0C523}.Debug|Any CPU.Build.0 = Debug|Any CPU
		{5C81276B-D048-4EA0-A231-1436A9F0C523}.Release|Any CPU.ActiveCfg = Release|Any CPU
		{5C81276B-D048-4EA0-A231-1436A9F0C523}.Release|Any CPU.Build.0 = Release|Any CPU
	EndGlobalSection
	GlobalSection(SolutionProperties) = preSolution
		HideSolutionNode = FALSE
	EndGlobalSection
	GlobalSection(ExtensibilityGlobals) = postSolution
		SolutionGuid = {B2F7D909-A86B-474B-BFCD-50095F416891}
	EndGlobalSection
EndGlobal
